
Microsoft Visual Studio Solution File, Format Version 12.00
# Visual Studio Version 16
VisualStudioVersion = 16.0.31321.278
MinimumVisualStudioVersion = 10.0.40219.1
Project("{8BC9CEB8-8B4A-11D0-8D11-00A0C91BC942}") = "TrEngine", "TrEngine\TrEngine.vcxproj", "{F6736E2A-D572-4DE6-9DB2-AFEB3D15896F}"
EndProject
Project("{8BC9CEB8-8B4A-11D0-8D11-00A0C91BC942}") = "ScarletNexusTrainer", "ScarletNexusTrainer\ScarletNexusTrainer.vcxproj", "{9A171A7C-17BD-4236-8255-28E647702BF7}"
	ProjectSection(ProjectDependencies) = postProject
		{F6736E2A-D572-4DE6-9DB2-AFEB3D15896F} = {F6736E2A-D572-4DE6-9DB2-AFEB3D15896F}
	EndProjectSection
EndProject
Project("{8BC9CEB8-8B4A-11D0-8D11-00A0C91BC942}") = "ScarletNexusTrainerDLL", "ScarletNexusTrainerDLL\ScarletNexusTrainerDLL.vcxproj", "{0DA81C62-0B2F-4ABC-9140-865CBA478F3A}"
	ProjectSection(ProjectDependencies) = postProject
		{F6736E2A-D572-4DE6-9DB2-AFEB3D15896F} = {F6736E2A-D572-4DE6-9DB2-AFEB3D15896F}
	EndProjectSection
EndProject
Project("{8BC9CEB8-8B4A-11D0-8D11-00A0C91BC942}") = "InterceptorTargetTest", "InterceptorTargetTest\InterceptorTargetTest.vcxproj", "{3909657C-769E-4362-8B5E-81C5FC348216}"
EndProject
Project("{8BC9CEB8-8B4A-11D0-8D11-00A0C91BC942}") = "SC2", "SC2\SC2.vcxproj", "{0249E302-C556-46E2-A3D8-D3F4475354C7}"
	ProjectSection(ProjectDependencies) = postProject
		{F6736E2A-D572-4DE6-9DB2-AFEB3D15896F} = {F6736E2A-D572-4DE6-9DB2-AFEB3D15896F}
		{F358A431-F407-4CB5-82DE-C31DE8BDC16C} = {F358A431-F407-4CB5-82DE-C31DE8BDC16C}
	EndProjectSection
EndProject
Project("{8BC9CEB8-8B4A-11D0-8D11-00A0C91BC942}") = "SFMLSTGUI", "..\SFML\SFMLST\SFMLSTGUI\SFMLSTGUI.vcxproj", "{F358A431-F407-4CB5-82DE-C31DE8BDC16C}"
EndProject
Project("{8BC9CEB8-8B4A-11D0-8D11-00A0C91BC942}") = "Overlord", "Overlord\Overlord.vcxproj", "{B3FF0ABA-C152-4DC1-AA57-A791135CF73B}"
	ProjectSection(ProjectDependencies) = postProject
		{F6736E2A-D572-4DE6-9DB2-AFEB3D15896F} = {F6736E2A-D572-4DE6-9DB2-AFEB3D15896F}
		{F358A431-F407-4CB5-82DE-C31DE8BDC16C} = {F358A431-F407-4CB5-82DE-C31DE8BDC16C}
		{95FB53FD-52DB-4429-92D3-D279BC780940} = {95FB53FD-52DB-4429-92D3-D279BC780940}
	EndProjectSection
EndProject
Project("{8BC9CEB8-8B4A-11D0-8D11-00A0C91BC942}") = "OverlordDLL", "OverlordDLL\OverlordDLL.vcxproj", "{95FB53FD-52DB-4429-92D3-D279BC780940}"
	ProjectSection(ProjectDependencies) = postProject
		{F6736E2A-D572-4DE6-9DB2-AFEB3D15896F} = {F6736E2A-D572-4DE6-9DB2-AFEB3D15896F}
	EndProjectSection
EndProject
Global
	GlobalSection(SolutionConfigurationPlatforms) = preSolution
		Debug|x64 = Debug|x64
		Debug|x86 = Debug|x86
		Release|x64 = Release|x64
		Release|x86 = Release|x86
	EndGlobalSection
	GlobalSection(ProjectConfigurationPlatforms) = postSolution
		{F6736E2A-D572-4DE6-9DB2-AFEB3D15896F}.Debug|x64.ActiveCfg = Debug|x64
		{F6736E2A-D572-4DE6-9DB2-AFEB3D15896F}.Debug|x64.Build.0 = Debug|x64
		{F6736E2A-D572-4DE6-9DB2-AFEB3D15896F}.Debug|x86.ActiveCfg = Debug|Win32
		{F6736E2A-D572-4DE6-9DB2-AFEB3D15896F}.Debug|x86.Build.0 = Debug|Win32
		{F6736E2A-D572-4DE6-9DB2-AFEB3D15896F}.Release|x64.ActiveCfg = Release|x64
		{F6736E2A-D572-4DE6-9DB2-AFEB3D15896F}.Release|x64.Build.0 = Release|x64
		{F6736E2A-D572-4DE6-9DB2-AFEB3D15896F}.Release|x86.ActiveCfg = Release|Win32
		{F6736E2A-D572-4DE6-9DB2-AFEB3D15896F}.Release|x86.Build.0 = Release|Win32
		{9A171A7C-17BD-4236-8255-28E647702BF7}.Debug|x64.ActiveCfg = Debug|x64
		{9A171A7C-17BD-4236-8255-28E647702BF7}.Debug|x64.Build.0 = Debug|x64
		{9A171A7C-17BD-4236-8255-28E647702BF7}.Debug|x86.ActiveCfg = Debug|Win32
		{9A171A7C-17BD-4236-8255-28E647702BF7}.Debug|x86.Build.0 = Debug|Win32
		{9A171A7C-17BD-4236-8255-28E647702BF7}.Release|x64.ActiveCfg = Release|x64
		{9A171A7C-17BD-4236-8255-28E647702BF7}.Release|x64.Build.0 = Release|x64
		{9A171A7C-17BD-4236-8255-28E647702BF7}.Release|x86.ActiveCfg = Release|Win32
		{9A171A7C-17BD-4236-8255-28E647702BF7}.Release|x86.Build.0 = Release|Win32
		{0DA81C62-0B2F-4ABC-9140-865CBA478F3A}.Debug|x64.ActiveCfg = Debug|x64
		{0DA81C62-0B2F-4ABC-9140-865CBA478F3A}.Debug|x64.Build.0 = Debug|x64
		{0DA81C62-0B2F-4ABC-9140-865CBA478F3A}.Debug|x86.ActiveCfg = Debug|Win32
		{0DA81C62-0B2F-4ABC-9140-865CBA478F3A}.Debug|x86.Build.0 = Debug|Win32
		{0DA81C62-0B2F-4ABC-9140-865CBA478F3A}.Release|x64.ActiveCfg = Release|x64
		{0DA81C62-0B2F-4ABC-9140-865CBA478F3A}.Release|x64.Build.0 = Release|x64
		{0DA81C62-0B2F-4ABC-9140-865CBA478F3A}.Release|x86.ActiveCfg = Release|Win32
		{0DA81C62-0B2F-4ABC-9140-865CBA478F3A}.Release|x86.Build.0 = Release|Win32
		{3909657C-769E-4362-8B5E-81C5FC348216}.Debug|x64.ActiveCfg = Debug|x64
		{3909657C-769E-4362-8B5E-81C5FC348216}.Debug|x64.Build.0 = Debug|x64
		{3909657C-769E-4362-8B5E-81C5FC348216}.Debug|x86.ActiveCfg = Debug|Win32
		{3909657C-769E-4362-8B5E-81C5FC348216}.Debug|x86.Build.0 = Debug|Win32
		{3909657C-769E-4362-8B5E-81C5FC348216}.Release|x64.ActiveCfg = Release|x64
		{3909657C-769E-4362-8B5E-81C5FC348216}.Release|x64.Build.0 = Release|x64
		{3909657C-769E-4362-8B5E-81C5FC348216}.Release|x86.ActiveCfg = Release|Win32
		{3909657C-769E-4362-8B5E-81C5FC348216}.Release|x86.Build.0 = Release|Win32
		{0249E302-C556-46E2-A3D8-D3F4475354C7}.Debug|x64.ActiveCfg = Debug|x64
		{0249E302-C556-46E2-A3D8-D3F4475354C7}.Debug|x64.Build.0 = Debug|x64
		{0249E302-C556-46E2-A3D8-D3F4475354C7}.Debug|x86.ActiveCfg = Debug|Win32
		{0249E302-C556-46E2-A3D8-D3F4475354C7}.Debug|x86.Build.0 = Debug|Win32
		{0249E302-C556-46E2-A3D8-D3F4475354C7}.Release|x64.ActiveCfg = Release|x64
		{0249E302-C556-46E2-A3D8-D3F4475354C7}.Release|x64.Build.0 = Release|x64
		{0249E302-C556-46E2-A3D8-D3F4475354C7}.Release|x86.ActiveCfg = Release|Win32
		{0249E302-C556-46E2-A3D8-D3F4475354C7}.Release|x86.Build.0 = Release|Win32
		{F358A431-F407-4CB5-82DE-C31DE8BDC16C}.Debug|x64.ActiveCfg = Debug|x64
		{F358A431-F407-4CB5-82DE-C31DE8BDC16C}.Debug|x64.Build.0 = Debug|x64
		{F358A431-F407-4CB5-82DE-C31DE8BDC16C}.Debug|x86.ActiveCfg = Debug|Win32
		{F358A431-F407-4CB5-82DE-C31DE8BDC16C}.Debug|x86.Build.0 = Debug|Win32
		{F358A431-F407-4CB5-82DE-C31DE8BDC16C}.Release|x64.ActiveCfg = Release|x64
		{F358A431-F407-4CB5-82DE-C31DE8BDC16C}.Release|x64.Build.0 = Release|x64
		{F358A431-F407-4CB5-82DE-C31DE8BDC16C}.Release|x86.ActiveCfg = Release|Win32
		{F358A431-F407-4CB5-82DE-C31DE8BDC16C}.Release|x86.Build.0 = Release|Win32
		{B3FF0ABA-C152-4DC1-AA57-A791135CF73B}.Debug|x64.ActiveCfg = Debug|Win32
		{B3FF0ABA-C152-4DC1-AA57-A791135CF73B}.Debug|x86.ActiveCfg = Debug|Win32
		{B3FF0ABA-C152-4DC1-AA57-A791135CF73B}.Debug|x86.Build.0 = Debug|Win32
		{B3FF0ABA-C152-4DC1-AA57-A791135CF73B}.Release|x64.ActiveCfg = Release|Win32
		{B3FF0ABA-C152-4DC1-AA57-A791135CF73B}.Release|x86.ActiveCfg = Release|Win32
		{B3FF0ABA-C152-4DC1-AA57-A791135CF73B}.Release|x86.Build.0 = Release|Win32
		{95FB53FD-52DB-4429-92D3-D279BC780940}.Debug|x64.ActiveCfg = Debug|Win32
		{95FB53FD-52DB-4429-92D3-D279BC780940}.Debug|x86.ActiveCfg = Debug|Win32
		{95FB53FD-52DB-4429-92D3-D279BC780940}.Debug|x86.Build.0 = Debug|Win32
		{95FB53FD-52DB-4429-92D3-D279BC780940}.Release|x64.ActiveCfg = Release|Win32
		{95FB53FD-52DB-4429-92D3-D279BC780940}.Release|x86.ActiveCfg = Release|Win32
		{95FB53FD-52DB-4429-92D3-D279BC780940}.Release|x86.Build.0 = Release|Win32
	EndGlobalSection
	GlobalSection(SolutionProperties) = preSolution
		HideSolutionNode = FALSE
	EndGlobalSection
	GlobalSection(ExtensibilityGlobals) = postSolution
		SolutionGuid = {0FD45B00-24E2-4FC2-AB84-837593400FD0}
	EndGlobalSection
EndGlobal
